
Microsoft Visual Studio Solution File, Format Version 12.00
# Visual Studio Version 16
VisualStudioVersion = 16.0.31729.503
MinimumVisualStudioVersion = 10.0.40219.1
Project("{FAE04EC0-301F-11D3-BF4B-00C04F79EFBC}") = "TryQueueByMyself", "TryQueueByMyself\TryQueueByMyself.csproj", "{A32E87E0-9BFD-4B47-9D63-17560C770AC6}"
EndProject
Global
	GlobalSection(SolutionConfigurationPlatforms) = preSolution
		Debug|Any CPU = Debug|Any CPU
		Release|Any CPU = Release|Any CPU
	EndGlobalSection
	GlobalSection(ProjectConfigurationPlatforms) = postSolution
		{A32E87E0-9BFD-4B47-9D63-17560C770AC6}.Debug|Any CPU.ActiveCfg = Debug|Any CPU
		{A32E87E0-9BFD-4B47-9D63-17560C770AC6}.Debug|Any CPU.Build.0 = Debug|Any CPU
		{A32E87E0-9BFD-4B47-9D63-17560C770AC6}.Release|Any CPU.ActiveCfg = Release|Any CPU
		{A32E87E0-9BFD-4B47-9D63-17560C770AC6}.Release|Any CPU.Build.0 = Release|Any CPU
	EndGlobalSection
	GlobalSection(SolutionProperties) = preSolution
		HideSolutionNode = FALSE
	EndGlobalSection
	GlobalSection(ExtensibilityGlobals) = postSolution
		SolutionGuid = {3DA98731-1E2E-41A3-AC00-1D55A95FE257}
	EndGlobalSection
EndGlobal
